
Microsoft Visual Studio Solution File, Format Version 12.00
# Visual Studio Version 17
VisualStudioVersion = 17.3.32929.385
MinimumVisualStudioVersion = 10.0.40219.1
Project("{9A19103F-16F7-4668-BE54-9A1E7A4F7556}") = "restful", "restful\restful.csproj", "{EE2D44BA-D7A6-4868-8883-78AB705D8F51}"
EndProject
Project("{FAE04EC0-301F-11D3-BF4B-00C04F79EFBC}") = "restful.core", "restful.core\restful.core.csproj", "{BEDC9D13-EA40-4EC3-8577-DEA8168378DD}"
EndProject
Project("{FAE04EC0-301F-11D3-BF4B-00C04F79EFBC}") = "restful.data", "restful.data\restful.data.csproj", "{9C299457-F726-431B-AC04-1F1BD1B2FA9F}"
EndProject
Project("{FAE04EC0-301F-11D3-BF4B-00C04F79EFBC}") = "restful.service", "restful.service\restful.service.csproj", "{0034A61A-065B-43EC-964B-D70F0DEFD7D2}"
EndProject
Global
	GlobalSection(SolutionConfigurationPlatforms) = preSolution
		Debug|Any CPU = Debug|Any CPU
		Release|Any CPU = Release|Any CPU
	EndGlobalSection
	GlobalSection(ProjectConfigurationPlatforms) = postSolution
		{EE2D44BA-D7A6-4868-8883-78AB705D8F51}.Debug|Any CPU.ActiveCfg = Debug|Any CPU
		{EE2D44BA-D7A6-4868-8883-78AB705D8F51}.Debug|Any CPU.Build.0 = Debug|Any CPU
		{EE2D44BA-D7A6-4868-8883-78AB705D8F51}.Release|Any CPU.ActiveCfg = Release|Any CPU
		{EE2D44BA-D7A6-4868-8883-78AB705D8F51}.Release|Any CPU.Build.0 = Release|Any CPU
		{BEDC9D13-EA40-4EC3-8577-DEA8168378DD}.Debug|Any CPU.ActiveCfg = Debug|Any CPU
		{BEDC9D13-EA40-4EC3-8577-DEA8168378DD}.Debug|Any CPU.Build.0 = Debug|Any CPU
		{BEDC9D13-EA40-4EC3-8577-DEA8168378DD}.Release|Any CPU.ActiveCfg = Release|Any CPU
		{BEDC9D13-EA40-4EC3-8577-DEA8168378DD}.Release|Any CPU.Build.0 = Release|Any CPU
		{9C299457-F726-431B-AC04-1F1BD1B2FA9F}.Debug|Any CPU.ActiveCfg = Debug|Any CPU
		{9C299457-F726-431B-AC04-1F1BD1B2FA9F}.Debug|Any CPU.Build.0 = Debug|Any CPU
		{9C299457-F726-431B-AC04-1F1BD1B2FA9F}.Release|Any CPU.ActiveCfg = Release|Any CPU
		{9C299457-F726-431B-AC04-1F1BD1B2FA9F}.Release|Any CPU.Build.0 = Release|Any CPU
		{0034A61A-065B-43EC-964B-D70F0DEFD7D2}.Debug|Any CPU.ActiveCfg = Debug|Any CPU
		{0034A61A-065B-43EC-964B-D70F0DEFD7D2}.Debug|Any CPU.Build.0 = Debug|Any CPU
		{0034A61A-065B-43EC-964B-D70F0DEFD7D2}.Release|Any CPU.ActiveCfg = Release|Any CPU
		{0034A61A-065B-43EC-964B-D70F0DEFD7D2}.Release|Any CPU.Build.0 = Release|Any CPU
	EndGlobalSection
	GlobalSection(SolutionProperties) = preSolution
		HideSolutionNode = FALSE
	EndGlobalSection
	GlobalSection(ExtensibilityGlobals) = postSolution
		SolutionGuid = {88222707-8F07-4DA0-931B-9F399E223909}
	EndGlobalSection
EndGlobal
